
Microsoft Visual Studio Solution File, Format Version 12.00
# Visual Studio Version 17
VisualStudioVersion = 17.0.31919.166
MinimumVisualStudioVersion = 10.0.40219.1
Project("{FAE04EC0-301F-11D3-BF4B-00C04F79EFBC}") = "SharpSnake", "SharpSnake\SharpSnake.csproj", "{2C3F62A7-18FC-4F2E-8499-F48F146D9399}"
EndProject
Global
	GlobalSection(SolutionConfigurationPlatforms) = preSolution
		Debug|Any CPU = Debug|Any CPU
		Debug|x64 = Debug|x64
		Release|Any CPU = Release|Any CPU
		Release|x64 = Release|x64
	EndGlobalSection
	GlobalSection(ProjectConfigurationPlatforms) = postSolution
		{2C3F62A7-18FC-4F2E-8499-F48F146D9399}.Debug|Any CPU.ActiveCfg = Debug|Any CPU
		{2C3F62A7-18FC-4F2E-8499-F48F146D9399}.Debug|Any CPU.Build.0 = Debug|Any CPU
		{2C3F62A7-18FC-4F2E-8499-F48F146D9399}.Debug|x64.ActiveCfg = Debug|x64
		{2C3F62A7-18FC-4F2E-8499-F48F146D9399}.Debug|x64.Build.0 = Debug|x64
		{2C3F62A7-18FC-4F2E-8499-F48F146D9399}.Release|Any CPU.ActiveCfg = Release|Any CPU
		{2C3F62A7-18FC-4F2E-8499-F48F146D9399}.Release|Any CPU.Build.0 = Release|Any CPU
		{2C3F62A7-18FC-4F2E-8499-F48F146D9399}.Release|x64.ActiveCfg = Release|x64
		{2C3F62A7-18FC-4F2E-8499-F48F146D9399}.Release|x64.Build.0 = Release|x64
	EndGlobalSection
	GlobalSection(SolutionProperties) = preSolution
		HideSolutionNode = FALSE
	EndGlobalSection
	GlobalSection(ExtensibilityGlobals) = postSolution
		SolutionGuid = {329A056C-4502-4623-9BA0-10B88AA6D535}
	EndGlobalSection
EndGlobal
